DIRC      gE²ùñS$gHTT–@          ¤           Ïv9¾Êk•íBÍ‘¢—àPzŸz .eslintrc.json    gE²ù ‡¸gE²ø51w          ¤          ‡ý=»W¡Ãºð Ûžˆ¨ 
.gitignore        gE²ùó8gE²ø8(Ø          ¤          ªâ¼LÏ‹¼8­X­Wé!5HK< 	README.md gE²ùñS$gE²ø6aØ”          ¤          eKqoêH5ì-$jù€Ý·ÿ²v$ app/favicon.ico   gE²ùâÌgE²ø9ì–\          ¤         	ò®\¿ÑiF¥4Øéë’J»ÌI app/fonts/GeistMonoVF.woff        gE²ù.*ˆgE²ø:ã+\          ¤         ÜbÚ¬ÿ–ÚÖXNqÍ– Q¸)WÃ app/fonts/GeistVF.woff    gE²ù» gGÜ6à          ¤          SÒÊ‹%™VëhCÿbyæyäŸUÙ app/globals.css   gE²ùó8gdR/ "Å           ¤          H`ºIº[‹æi£0÷˜¿àÕšÝÿ_ app/layout.tsx    gE²ù.*ˆggù®7€÷P          ¤          ‹ˆJPxæ§MÏ·Þ¾eÖC;K app/page.tsx      gE²ùó8gE²ø8ÛBà          ¤           \FxwNm`g¼á‰z]«–×˜¿f next.config.mjs   gE³
4r‹´gdŒ6¯ô          ¤          #†ýüxØ††w¥ìÜåJ)“; package-lock.json gE²ùzAÔgd‹{&Ö           ¤          ¶Y¾ždä¸vZ Šn2O’6ÌQ package.json      gE²ù» gE²ø9æÜ          ¤           ‡iý*E
ü;ô~²,‘ßý´ postcss.config.mjs        gE²ùó8gdjK*·˜          ¤          :µpþO›žúPºàgšõ
Å´+ tailwind.config.ts        gE²ù.*ˆgGK¬ÚÔ          ¤          X7Çþy.Ùà°ÕKl+y½mÎ tsconfig.json     TREE   T 15 1
È0¶ÿž­Æ)R>jÜ}D‡™¾app 6 1
Xú'™?b;0èI=½,=br
¯0fonts 2 0
ü·A£Aßˆ’ù†ŽÍïQÌS
é%À1yHÏ9‡óaÅ&2?©€5N«¢